
Microsoft Visual Studio Solution File, Format Version 12.00
# Visual Studio Version 17
VisualStudioVersion = 17.5.33530.505
MinimumVisualStudioVersion = 10.0.40219.1
Project("{FAE04EC0-301F-11D3-BF4B-00C04F79EFBC}") = "lab2Report", "lab2Report\lab2Report.csproj", "{3CB48D56-5442-4B73-BBBA-792DC148819E}"
EndProject
Global
	GlobalSection(SolutionConfigurationPlatforms) = preSolution
		Debug|Any CPU = Debug|Any CPU
		Release|Any CPU = Release|Any CPU
	EndGlobalSection
	GlobalSection(ProjectConfigurationPlatforms) = postSolution
		{3CB48D56-5442-4B73-BBBA-792DC148819E}.Debug|Any CPU.ActiveCfg = Debug|Any CPU
		{3CB48D56-5442-4B73-BBBA-792DC148819E}.Debug|Any CPU.Build.0 = Debug|Any CPU
		{3CB48D56-5442-4B73-BBBA-792DC148819E}.Release|Any CPU.ActiveCfg = Release|Any CPU
		{3CB48D56-5442-4B73-BBBA-792DC148819E}.Release|Any CPU.Build.0 = Release|Any CPU
	EndGlobalSection
	GlobalSection(SolutionProperties) = preSolution
		HideSolutionNode = FALSE
	EndGlobalSection
	GlobalSection(ExtensibilityGlobals) = postSolution
		SolutionGuid = {2FB3520E-EC44-4054-AB10-FCB4E1FD95FB}
	EndGlobalSection
EndGlobal
