
Microsoft Visual Studio Solution File, Format Version 12.00
# Visual Studio Version 17
VisualStudioVersion = 17.5.33530.505
MinimumVisualStudioVersion = 10.0.40219.1
Project("{FAE04EC0-301F-11D3-BF4B-00C04F79EFBC}") = "EquipmentDatabase", "EquipmentDatabase\EquipmentDatabase.csproj", "{BDC8ED33-1195-41CB-83A4-F394773BD8D4}"
EndProject
Global
	GlobalSection(SolutionConfigurationPlatforms) = preSolution
		Debug|Any CPU = Debug|Any CPU
		Release|Any CPU = Release|Any CPU
	EndGlobalSection
	GlobalSection(ProjectConfigurationPlatforms) = postSolution
		{BDC8ED33-1195-41CB-83A4-F394773BD8D4}.Debug|Any CPU.ActiveCfg = Debug|Any CPU
		{BDC8ED33-1195-41CB-83A4-F394773BD8D4}.Debug|Any CPU.Build.0 = Debug|Any CPU
		{BDC8ED33-1195-41CB-83A4-F394773BD8D4}.Release|Any CPU.ActiveCfg = Release|Any CPU
		{BDC8ED33-1195-41CB-83A4-F394773BD8D4}.Release|Any CPU.Build.0 = Release|Any CPU
	EndGlobalSection
	GlobalSection(SolutionProperties) = preSolution
		HideSolutionNode = FALSE
	EndGlobalSection
	GlobalSection(ExtensibilityGlobals) = postSolution
		SolutionGuid = {403F12D8-4D61-4E56-AB57-93477167D94F}
	EndGlobalSection
EndGlobal
